
Microsoft Visual Studio Solution File, Format Version 12.00
# Visual Studio Version 16
VisualStudioVersion = 16.0.30621.155
MinimumVisualStudioVersion = 10.0.40219.1
Project("{9A19103F-16F7-4668-BE54-9A1E7A4F7556}") = "voltorbflip", "voltorbflip.csproj", "{BA4E2778-4628-4185-B846-C9B3A5EBEC6E}"
EndProject
Global
	GlobalSection(SolutionConfigurationPlatforms) = preSolution
		Debug|Any CPU = Debug|Any CPU
		Release|Any CPU = Release|Any CPU
	EndGlobalSection
	GlobalSection(ProjectConfigurationPlatforms) = postSolution
		{BA4E2778-4628-4185-B846-C9B3A5EBEC6E}.Debug|Any CPU.ActiveCfg = Debug|Any CPU
		{BA4E2778-4628-4185-B846-C9B3A5EBEC6E}.Debug|Any CPU.Build.0 = Debug|Any CPU
		{BA4E2778-4628-4185-B846-C9B3A5EBEC6E}.Release|Any CPU.ActiveCfg = Release|Any CPU
		{BA4E2778-4628-4185-B846-C9B3A5EBEC6E}.Release|Any CPU.Build.0 = Release|Any CPU
	EndGlobalSection
	GlobalSection(SolutionProperties) = preSolution
		HideSolutionNode = FALSE
	EndGlobalSection
	GlobalSection(ExtensibilityGlobals) = postSolution
		SolutionGuid = {D0D49DF7-0DC4-4AA1-978D-0C2729E90A78}
	EndGlobalSection
EndGlobal
